
Microsoft Visual Studio Solution File, Format Version 12.00
# Visual Studio Version 16
VisualStudioVersion = 16.0.31624.102
MinimumVisualStudioVersion = 10.0.40219.1
Project("{F184B08F-C81C-45F6-A57F-5ABD9991F28F}") = "WindowDetector", "WindowDetector\WindowDetector.vbproj", "{5A4C5E30-689A-41D6-97F6-EAE8E352AF7B}"
EndProject
Global
	GlobalSection(SolutionConfigurationPlatforms) = preSolution
		Debug|Any CPU = Debug|Any CPU
		Release|Any CPU = Release|Any CPU
	EndGlobalSection
	GlobalSection(ProjectConfigurationPlatforms) = postSolution
		{5A4C5E30-689A-41D6-97F6-EAE8E352AF7B}.Debug|Any CPU.ActiveCfg = Debug|Any CPU
		{5A4C5E30-689A-41D6-97F6-EAE8E352AF7B}.Debug|Any CPU.Build.0 = Debug|Any CPU
		{5A4C5E30-689A-41D6-97F6-EAE8E352AF7B}.Release|Any CPU.ActiveCfg = Release|Any CPU
		{5A4C5E30-689A-41D6-97F6-EAE8E352AF7B}.Release|Any CPU.Build.0 = Release|Any CPU
	EndGlobalSection
	GlobalSection(SolutionProperties) = preSolution
		HideSolutionNode = FALSE
	EndGlobalSection
	GlobalSection(ExtensibilityGlobals) = postSolution
		SolutionGuid = {4CF9FA2C-8826-4C63-928D-5F84F7EFEE54}
	EndGlobalSection
EndGlobal
